<Solution>
  <Folder Name="/src/">
    <Project Path="src\MealPlanOrganizer.Functions\MealPlanOrganizer_Functions.csproj" />
    <Project Path="src\MealPlanOrganizer.Mobile\MealPlanOrganizer.Mobile.csproj" />
  </Folder>
  <Folder Name="/tests/">
    <Project Path="tests\MealPlanOrganizer.Functions.Tests\MealPlanOrganizer.Functions.Tests.csproj" />
    <Project Path="tests\MealPlanOrganizer.Mobile.Tests\MealPlanOrganizer.Mobile.Tests.csproj" />
  </Folder>
</Solution>
